%{
  "castore": {:hex, :castore, "0.1.18", "deb5b9ab02400561b6f5708f3e7660fc35ca2d51bfc6a940d2f513f89c2975fc", [:mix], [], "hexpm", "61bbaf6452b782ef80b33cdb45701afbcf0a918a45ebe7e73f1130d661e66a06"},
  "cowboy": {:hex, :cowboy, "2.8.0", "f3dc62e35797ecd9ac1b50db74611193c29815401e53bac9a5c0577bd7bc667d", [:rebar3], [{:cowlib, "~> 2.9.1", [hex: :cowlib, repo: "hexpm", optional: false]}, {:ranch, "~> 1.7.1", [hex: :ranch, repo: "hexpm", optional: false]}], "hexpm", "4643e4fba74ac96d4d152c75803de6fad0b3fa5df354c71afdd6cbeeb15fac8a"},
  "cowboy_telemetry": {:hex, :cowboy_telemetry, "0.3.0", "69fdb5cf92df6373e15675eb4018cf629f5d8e35e74841bb637d6596cb797bbc", [:rebar3], [{:cowboy, "~> 2.7", [hex: :cowboy, repo: "hexpm", optional: false]}, {:telemetry, "~> 0.4", [hex: :telemetry, repo: "hexpm", optional: false]}], "hexpm", "42868c229d9a2900a1501c5d0355bfd46e24c862c322b0b4f5a6f14fe0216753"},
  "cowlib": {:hex, :cowlib, "2.9.1", "61a6c7c50cf07fdd24b2f45b89500bb93b6686579b069a89f88cb211e1125c78", [:rebar3], [], "hexpm", "e4175dc240a70d996156160891e1c62238ede1729e45740bdd38064dad476170"},
  "gettext": {:hex, :gettext, "0.18.2", "7df3ea191bb56c0309c00a783334b288d08a879f53a7014341284635850a6e55", [:mix], [], "hexpm", "f9f537b13d4fdd30f3039d33cb80144c3aa1f8d9698e47d7bcbcc8df93b1f5c5"},
  "hpax": {:hex, :hpax, "0.1.2", "09a75600d9d8bbd064cdd741f21fc06fc1f4cf3d0fcc335e5aa19be1a7235c84", [:mix], [], "hexpm", "2c87843d5a23f5f16748ebe77969880e29809580efdaccd615cd3bed628a8c13"},
  "jason": {:hex, :jason, "1.2.2", "ba43e3f2709fd1aa1dce90aaabfd039d000469c05c56f0b8e31978e03fa39052", [:mix], [{:decimal, "~> 1.0 or ~> 2.0", [hex: :decimal, repo: "hexpm", optional: true]}], "hexpm", "18a228f5f0058ee183f29f9eae0805c6e59d61c3b006760668d8d18ff0d12179"},
  "jose": {:hex, :jose, "1.11.0", "b1e6145881c97f489a26c19e117be014edcd1eac71deedce09ebb3a529569578", [:mix, :rebar3], [], "hexpm", "35739462122a4d073519643e55d582375f4c43192d1bcd240357d101b80b2b34"},
  "mime": {:hex, :mime, "1.4.0", "5066f14944b470286146047d2f73518cf5cca82f8e4815cf35d196b58cf07c47", [:mix], [], "hexpm", "75fa42c4228ea9a23f70f123c74ba7cece6a03b1fd474fe13f6a7a85c6ea4ff6"},
  "mint": {:hex, :mint, "1.4.2", "50330223429a6e1260b2ca5415f69b0ab086141bc76dc2fbf34d7c389a6675b2", [:mix], [{:castore, "~> 0.1.0", [hex: :castore, repo: "hexpm", optional: true]}, {:hpax, "~> 0.1.1", [hex: :hpax, repo: "hexpm", optional: false]}], "hexpm", "ce75a5bbcc59b4d7d8d70f8b2fc284b1751ffb35c7b6a6302b5192f8ab4ddd80"},
  "nimble_options": {:hex, :nimble_options, "0.3.5", "a4f6820cdcb4ee444afd78635f323e58e8a5ddf2fbbe9b9d283a99f972034bae", [:mix], [], "hexpm", "f5507cc90033a8d12769522009c80aa9164af6bab245dbd4ad421d008455f1e1"},
  "parent": {:hex, :parent, "0.12.1", "495c4386f06de0df492e0a7a7199c10323a55e9e933b27222060dd86dccd6d62", [:mix], [{:telemetry, "~> 0.4 or ~> 1.0", [hex: :telemetry, repo: "hexpm", optional: false]}], "hexpm", "2ab589ef1f37bfcedbfb5ecfbab93354972fb7391201b8907a866dadd20b39d1"},
  "phoenix": {:hex, :phoenix, "1.5.14", "2d5db884be496eefa5157505ec0134e66187cb416c072272420c5509d67bf808", [:mix], [{:jason, "~> 1.0", [hex: :jason, repo: "hexpm", optional: true]}, {:phoenix_html, "~> 2.13 or ~> 3.0", [hex: :phoenix_html, repo: "hexpm", optional: true]}, {:phoenix_pubsub, "~> 2.0", [hex: :phoenix_pubsub, repo: "hexpm", optional: false]}, {:plug, "~> 1.10", [hex: :plug, repo: "hexpm", optional: false]}, {:plug_cowboy, "~> 1.0 or ~> 2.2", [hex: :plug_cowboy, repo: "hexpm", optional: true]}, {:plug_crypto, "~> 1.1.2 or ~> 1.2", [hex: :plug_crypto, repo: "hexpm", optional: false]}, {:telemetry, "~> 0.4 or ~> 1.0", [hex: :telemetry, repo: "hexpm", optional: false]}], "hexpm", "207f1aa5520320cbb7940d7ff2dde2342162cf513875848f88249ea0ba02fef7"},
  "phoenix_html": {:hex, :phoenix_html, "2.14.2", "b8a3899a72050f3f48a36430da507dd99caf0ac2d06c77529b1646964f3d563e", [:mix], [{:plug, "~> 1.5", [hex: :plug, repo: "hexpm", optional: false]}], "hexpm", "58061c8dfd25da5df1ea0ca47c972f161beb6c875cd293917045b92ffe1bf617"},
  "phoenix_live_dashboard": {:hex, :phoenix_live_dashboard, "0.3.3", "b65c7601d54ea768c28fa836285c7b9e7a1881689f58136ec03600fc07631643", [:mix], [{:ecto_psql_extras, "~> 0.4.1 or ~> 0.5", [hex: :ecto_psql_extras, repo: "hexpm", optional: true]}, {:phoenix_html, "~> 2.14.1 or ~> 2.15", [hex: :phoenix_html, repo: "hexpm", optional: false]}, {:phoenix_live_view, "~> 0.14.3", [hex: :phoenix_live_view, repo: "hexpm", optional: false]}, {:telemetry_metrics, "~> 0.4.0 or ~> 0.5.0 or ~> 0.6.0", [hex: :telemetry_metrics, repo: "hexpm", optional: false]}], "hexpm", "9572422a7e6e2d251bdd9071c2e769b13e4ec89b75ab394fdeb875f233eaec78"},
  "phoenix_live_view": {:hex, :phoenix_live_view, "0.14.7", "e05ca2e57974bb99eb54fed88b04754a622e54cf7e832db3c868bd06e0b99ff2", [:mix], [{:jason, "~> 1.0", [hex: :jason, repo: "hexpm", optional: true]}, {:phoenix, "~> 1.5.3", [hex: :phoenix, repo: "hexpm", optional: false]}, {:phoenix_html, "~> 2.14", [hex: :phoenix_html, repo: "hexpm", optional: false]}, {:telemetry, "~> 0.4.2 or ~> 0.5", [hex: :telemetry, repo: "hexpm", optional: false]}], "hexpm", "899224a704221ab0019200da61019dea699763e12daa24d69edd79bc228fe5a5"},
  "phoenix_pubsub": {:hex, :phoenix_pubsub, "2.0.0", "a1ae76717bb168cdeb10ec9d92d1480fec99e3080f011402c0a2d68d47395ffb", [:mix], [], "hexpm", "c52d948c4f261577b9c6fa804be91884b381a7f8f18450c5045975435350f771"},
  "plug": {:hex, :plug, "1.10.4", "41eba7d1a2d671faaf531fa867645bd5a3dce0957d8e2a3f398ccff7d2ef017f", [:mix], [{:mime, "~> 1.0", [hex: :mime, repo: "hexpm", optional: false]}, {:plug_crypto, "~> 1.1.1 or ~> 1.2", [hex: :plug_crypto, repo: "hexpm", optional: false]}, {:telemetry, "~> 0.4", [hex: :telemetry, repo: "hexpm", optional: false]}], "hexpm", "ad1e233fe73d2eec56616568d260777b67f53148a999dc2d048f4eb9778fe4a0"},
  "plug_cowboy": {:hex, :plug_cowboy, "2.5.2", "62894ccd601cf9597e2c23911ff12798a8a18d237e9739f58a6b04e4988899fe", [:mix], [{:cowboy, "~> 2.7", [hex: :cowboy, repo: "hexpm", optional: false]}, {:cowboy_telemetry, "~> 0.3", [hex: :cowboy_telemetry, repo: "hexpm", optional: false]}, {:plug, "~> 1.7", [hex: :plug, repo: "hexpm", optional: false]}], "hexpm", "ea6e87f774c8608d60c8d34022a7d073bd7680a0a013f049fc62bf35efea1044"},
  "plug_crypto": {:hex, :plug_crypto, "1.2.0", "1cb20793aa63a6c619dd18bb33d7a3aa94818e5fd39ad357051a67f26dfa2df6", [:mix], [], "hexpm", "a48b538ae8bf381ffac344520755f3007cc10bd8e90b240af98ea29b69683fc2"},
  "ranch": {:hex, :ranch, "1.7.1", "6b1fab51b49196860b733a49c07604465a47bdb78aa10c1c16a3d199f7f8c881", [:rebar3], [], "hexpm", "451d8527787df716d99dc36162fca05934915db0b6141bbdac2ea8d3c7afc7d7"},
  "site_encrypt": {:hex, :site_encrypt, "0.4.2", "354ca93a6c6ce84361c3fe4c30636087bb4f332242a5a8a34dd5c4a603156b67", [:mix], [{:castore, "~> 0.1", [hex: :castore, repo: "hexpm", optional: false]}, {:jason, "~> 1.0", [hex: :jason, repo: "hexpm", optional: false]}, {:jose, "~> 1.10", [hex: :jose, repo: "hexpm", optional: false]}, {:mint, "~> 1.1", [hex: :mint, repo: "hexpm", optional: false]}, {:nimble_options, "~> 0.3", [hex: :nimble_options, repo: "hexpm", optional: false]}, {:parent, "~> 0.11", [hex: :parent, repo: "hexpm", optional: false]}, {:phoenix, "~> 1.5", [hex: :phoenix, repo: "hexpm", optional: true]}, {:plug, "~> 1.7", [hex: :plug, repo: "hexpm", optional: true]}, {:plug_cowboy, "~> 2.2", [hex: :plug_cowboy, repo: "hexpm", optional: true]}, {:x509, "~> 0.3", [hex: :x509, repo: "hexpm", optional: false]}], "hexpm", "70bad64a47c738bb8784e6c99ab3e2fca6ae1ec5c8be9ac0e8e17b8f3a269762"},
  "telemetry": {:hex, :telemetry, "0.4.2", "2808c992455e08d6177322f14d3bdb6b625fbcfd233a73505870d8738a2f4599", [:rebar3], [], "hexpm", "2d1419bd9dda6a206d7b5852179511722e2b18812310d304620c7bd92a13fcef"},
  "telemetry_metrics": {:hex, :telemetry_metrics, "0.6.0", "da9d49ee7e6bb1c259d36ce6539cd45ae14d81247a2b0c90edf55e2b50507f7b", [:mix], [{:telemetry, "~> 0.4", [hex: :telemetry, repo: "hexpm", optional: false]}], "hexpm", "5cfe67ad464b243835512aa44321cee91faed6ea868d7fb761d7016e02915c3d"},
  "telemetry_poller": {:hex, :telemetry_poller, "0.5.1", "21071cc2e536810bac5628b935521ff3e28f0303e770951158c73eaaa01e962a", [:rebar3], [{:telemetry, "~> 0.4", [hex: :telemetry, repo: "hexpm", optional: false]}], "hexpm", "4cab72069210bc6e7a080cec9afffad1b33370149ed5d379b81c7c5f0c663fd4"},
  "x509": {:hex, :x509, "0.8.2", "27b11ae9637dc5cfea18e6547c4c5a0fce8af024851260223d00fe0755dcf372", [:mix], [], "hexpm", "36b92a8305d034b6e1819b61890676beaba221692065e30611d0c92e8a978c7c"},
}
